{
  "projects": [
    {
      "projectId": "gmeH6XgPaBtkt51HunAo4g",
      "version": "18.17.0",
      "dependencies": {},
      "lang": "ts",
      "fileLocks": [
        {
          "assetId": "gmeH6XgPaBtkt51HunAo4g",
          "type": "projectCss",
          "checksum": "1c02168c6b23256606111fdfdbb63549"
        }
      ],
      "codegenVersion": "0.0.1"
    },
    {
      "projectId": "21yfH8a5FQ3G5YYAEZCSx",
      "version": "latest",
      "dependencies": {
        "gmeH6XgPaBtkt51HunAo4g": "18.15.0"
      },
      "lang": "ts",
      "fileLocks": [
        {
          "type": "globalVariant",
          "assetId": "CXBjqv-Lx0-y",
          "checksum": "18c6e0ddd1535d6c165278e2a3c362d9"
        },
        {
          "assetId": "21yfH8a5FQ3G5YYAEZCSx",
          "type": "projectCss",
          "checksum": "ee98892ce8c0a47bfa587cc908d4c1fb"
        },
        {
          "assetId": "21yfH8a5FQ3G5YYAEZCSx",
          "checksum": "98ab38f0ec9ca69d0b6ef5eafc04a823",
          "type": "globalContexts"
        },
        {
          "type": "renderModule",
          "assetId": "CmKf-s8GDgC_",
          "checksum": "8cc0721de61fb76ff75ba0dec6837ed0"
        },
        {
          "type": "cssRules",
          "assetId": "CmKf-s8GDgC_",
          "checksum": "8cc0721de61fb76ff75ba0dec6837ed0"
        },
        {
          "type": "renderModule",
          "assetId": "2d_iZhzyJpMA",
          "checksum": "5e9684966247ca8e0f7fcd31a3eae25a"
        },
        {
          "type": "cssRules",
          "assetId": "2d_iZhzyJpMA",
          "checksum": "5e9684966247ca8e0f7fcd31a3eae25a"
        },
        {
          "type": "renderModule",
          "assetId": "sbqURAWsHWkC",
          "checksum": "49a0e75b49aed69ca514c93a2f9ca3aa"
        },
        {
          "type": "cssRules",
          "assetId": "sbqURAWsHWkC",
          "checksum": "49a0e75b49aed69ca514c93a2f9ca3aa"
        },
        {
          "type": "renderModule",
          "assetId": "XnKzdDhIMBgS",
          "checksum": "7212c5c95eb7240f5ca085d5a1800e9a"
        },
        {
          "type": "cssRules",
          "assetId": "XnKzdDhIMBgS",
          "checksum": "7212c5c95eb7240f5ca085d5a1800e9a"
        },
        {
          "type": "renderModule",
          "assetId": "hI5_NhrZRhFp",
          "checksum": "2ae4a97545df49f5aa709956b37c2d85"
        },
        {
          "type": "cssRules",
          "assetId": "hI5_NhrZRhFp",
          "checksum": "2ae4a97545df49f5aa709956b37c2d85"
        },
        {
          "type": "renderModule",
          "assetId": "1pWQshJo131o",
          "checksum": "0c1091470c47bb42e346609ff28d8d82"
        },
        {
          "type": "cssRules",
          "assetId": "1pWQshJo131o",
          "checksum": "0c1091470c47bb42e346609ff28d8d82"
        },
        {
          "type": "renderModule",
          "assetId": "iw-WeiJzDbwz",
          "checksum": "834620c6e37d06cb7569fe2e54dab9fd"
        },
        {
          "type": "cssRules",
          "assetId": "iw-WeiJzDbwz",
          "checksum": "834620c6e37d06cb7569fe2e54dab9fd"
        },
        {
          "type": "renderModule",
          "assetId": "Ai7p6lYNJX33",
          "checksum": "757946a9d52cae255fb13901ec72ac7b"
        },
        {
          "type": "cssRules",
          "assetId": "Ai7p6lYNJX33",
          "checksum": "757946a9d52cae255fb13901ec72ac7b"
        },
        {
          "type": "renderModule",
          "assetId": "pQtSbsuJwgZQ",
          "checksum": "486dac247e6c4af3a2340326bc84cef6"
        },
        {
          "type": "cssRules",
          "assetId": "pQtSbsuJwgZQ",
          "checksum": "486dac247e6c4af3a2340326bc84cef6"
        },
        {
          "type": "renderModule",
          "assetId": "5eGogYPX_NWF",
          "checksum": "e617c79646ca41bb4617391803ec88e0"
        },
        {
          "type": "cssRules",
          "assetId": "5eGogYPX_NWF",
          "checksum": "e617c79646ca41bb4617391803ec88e0"
        },
        {
          "type": "renderModule",
          "assetId": "GCq95OLDcsM7",
          "checksum": "bbf84411b504dcebff72a8f0fd9a8dfc"
        },
        {
          "type": "cssRules",
          "assetId": "GCq95OLDcsM7",
          "checksum": "bbf84411b504dcebff72a8f0fd9a8dfc"
        },
        {
          "type": "renderModule",
          "assetId": "TTiT6R65-YGj",
          "checksum": "e0e9d87ee8da4a8478706a7044d6c504"
        },
        {
          "type": "cssRules",
          "assetId": "TTiT6R65-YGj",
          "checksum": "e0e9d87ee8da4a8478706a7044d6c504"
        },
        {
          "type": "renderModule",
          "assetId": "J18I9nWhk_2o",
          "checksum": "ee88f44db947e93f8a11349d069b18fc"
        },
        {
          "type": "cssRules",
          "assetId": "J18I9nWhk_2o",
          "checksum": "ee88f44db947e93f8a11349d069b18fc"
        },
        {
          "type": "renderModule",
          "assetId": "5owlYMZ8hv2k",
          "checksum": "045f40bd7b590f63193950b4bab06523"
        },
        {
          "type": "cssRules",
          "assetId": "5owlYMZ8hv2k",
          "checksum": "045f40bd7b590f63193950b4bab06523"
        },
        {
          "type": "renderModule",
          "assetId": "nApxcTq4AhjM",
          "checksum": "e4531d94a8fc28060bf22a8b985a1a25"
        },
        {
          "type": "cssRules",
          "assetId": "nApxcTq4AhjM",
          "checksum": "e4531d94a8fc28060bf22a8b985a1a25"
        },
        {
          "type": "renderModule",
          "assetId": "VeAGvXsgutNN",
          "checksum": "52a700df6273433847282d03b43f03da"
        },
        {
          "type": "cssRules",
          "assetId": "VeAGvXsgutNN",
          "checksum": "52a700df6273433847282d03b43f03da"
        },
        {
          "type": "renderModule",
          "assetId": "cyd7blQUYuej",
          "checksum": "4c76064cb256c137beeb37c336de4c9e"
        },
        {
          "type": "cssRules",
          "assetId": "cyd7blQUYuej",
          "checksum": "4c76064cb256c137beeb37c336de4c9e"
        },
        {
          "type": "renderModule",
          "assetId": "kKCvQJl9CTtt",
          "checksum": "a197e83e165b304feb0082738384b4e6"
        },
        {
          "type": "cssRules",
          "assetId": "kKCvQJl9CTtt",
          "checksum": "a197e83e165b304feb0082738384b4e6"
        },
        {
          "type": "renderModule",
          "assetId": "oF4Rxlvj3gfP",
          "checksum": "8c53d1087605787d763efae9e818b58c"
        },
        {
          "type": "cssRules",
          "assetId": "oF4Rxlvj3gfP",
          "checksum": "8c53d1087605787d763efae9e818b58c"
        },
        {
          "type": "renderModule",
          "assetId": "Am0eneom2o29",
          "checksum": "c27f27ba364ddfb383e9a04dd9d41c51"
        },
        {
          "type": "cssRules",
          "assetId": "Am0eneom2o29",
          "checksum": "c27f27ba364ddfb383e9a04dd9d41c51"
        },
        {
          "type": "renderModule",
          "assetId": "MVhcWaKUvbn2",
          "checksum": "54cd6d7e1857aaf936fc8f6a234072d0"
        },
        {
          "type": "cssRules",
          "assetId": "MVhcWaKUvbn2",
          "checksum": "54cd6d7e1857aaf936fc8f6a234072d0"
        },
        {
          "type": "icon",
          "assetId": "H17QLx3Wgm2W",
          "checksum": "a73c776171448f28c262fe9614e47ad4"
        },
        {
          "type": "icon",
          "assetId": "RYzCAF-qsU9-",
          "checksum": "384b0949da6eb0b028b4410d04a9ea70"
        },
        {
          "type": "icon",
          "assetId": "3vLE2T74nPHs",
          "checksum": "d3de9d8070b1bb974a6f08b345b3b69a"
        },
        {
          "type": "icon",
          "assetId": "5nrSg7wUAHZ7",
          "checksum": "eb999f9667d92057c94322694a89cca7"
        },
        {
          "type": "icon",
          "assetId": "ceAiJmvQ7ol5",
          "checksum": "d43dc7ec296ad5ac0881ab7c3bc3a065"
        },
        {
          "type": "icon",
          "assetId": "5gX8oLU3JK3x",
          "checksum": "d0fd1b3457900bdbf2e2b68afef2ed42"
        },
        {
          "type": "icon",
          "assetId": "uPAulV2B6Gr3",
          "checksum": "20ba2b864ee51e5507cfebd076e57e42"
        },
        {
          "type": "icon",
          "assetId": "knWf32Q_UZwF",
          "checksum": "c1ab921dc849b7eafb03c04653bd2be3"
        },
        {
          "type": "icon",
          "assetId": "3IqrnM_5yJYI",
          "checksum": "b62690f558ed0a1462c99c46c1087b42"
        },
        {
          "type": "icon",
          "assetId": "NqArY_IYV2Vv",
          "checksum": "1793cdb07b75ca366f0a1f824492da61"
        },
        {
          "type": "icon",
          "assetId": "MPWVjFS4HynV",
          "checksum": "a5312f36027bab56ac5e0b34f65a87b3"
        },
        {
          "type": "icon",
          "assetId": "41mRj8gMpj2r",
          "checksum": "36ade19d3b4b10915dc67291560b1a94"
        },
        {
          "type": "icon",
          "assetId": "3s4whjr0L7ag",
          "checksum": "40d9e78da0190bdb6d98fba1642807c7"
        },
        {
          "type": "icon",
          "assetId": "AteMYvYQHQwG",
          "checksum": "3f892e88ccbe3998603f2e40679e3dfb"
        },
        {
          "type": "icon",
          "assetId": "9zH6np8uifWv",
          "checksum": "a46e8feeb0bb6afe254a283c9d4935a6"
        },
        {
          "type": "icon",
          "assetId": "Z3kjpTY3xue5",
          "checksum": "0ca203e936881887469d9ae3860c3dfc"
        },
        {
          "type": "icon",
          "assetId": "tQjBGHFQ1qc_",
          "checksum": "d261cc4c7aad588f3166cb4c27cba7dd"
        },
        {
          "type": "icon",
          "assetId": "H_QEezUwzbkQ",
          "checksum": "d2c05b4a41bca9c0b5fe0b69bb6f6b20"
        },
        {
          "type": "icon",
          "assetId": "mtLVlGpqYnlD",
          "checksum": "73467ce6c252625f7cac11887b00caf9"
        },
        {
          "type": "image",
          "assetId": "GusxVHXJl3hD",
          "checksum": "ebeefaf389a5f80c3bbf09d91e035932"
        },
        {
          "type": "image",
          "assetId": "SQjlvSBPmMpD",
          "checksum": "743da37bd6f3786dbe7981f468525d14"
        },
        {
          "type": "image",
          "assetId": "NeLQaPOL5-xE",
          "checksum": "231831b47cc3810555754f3a13c738f8"
        },
        {
          "type": "image",
          "assetId": "b6jTOlzO_t7A",
          "checksum": "4c80555f2d5979bc5bfde0f388493ca9"
        },
        {
          "type": "image",
          "assetId": "_GdYyx8XF6yD",
          "checksum": "3860e392bc60cf5bd87cb85d59380b58"
        },
        {
          "type": "image",
          "assetId": "QkzPn8VWqbIS",
          "checksum": "e97b44f859e531bc444c5ad4334d05f9"
        },
        {
          "type": "image",
          "assetId": "FtgnqAJFTOOn",
          "checksum": "71e534215c893ceec2555d1d8500d394"
        },
        {
          "type": "image",
          "assetId": "FtSn6q1nRaqu",
          "checksum": "801326d77f39f4b7c73d108ae8306f65"
        },
        {
          "type": "image",
          "assetId": "KVJj-YWNPoxf",
          "checksum": "4207a255e9d102677ee0cb4b6af37a93"
        },
        {
          "type": "image",
          "assetId": "y3JArKPw2z9P",
          "checksum": "240f617aa338f08c9f9d3b51853f1c5b"
        },
        {
          "type": "image",
          "assetId": "D4o6zT66U0m0",
          "checksum": "c8a6fce537695a42a0c4e1737288af7f"
        },
        {
          "type": "image",
          "assetId": "dU2pW5HGs9tG",
          "checksum": "a1e401c9ca7bc028e1a79610314e28d0"
        },
        {
          "type": "image",
          "assetId": "Rxttz4piaz0X",
          "checksum": "17bdfbfca4619c5051d8b68b87a48f9d"
        },
        {
          "type": "image",
          "assetId": "rGo1U9HSsGNx",
          "checksum": "11b83d7c0063c1b317ae56a1d6f371d9"
        },
        {
          "type": "image",
          "assetId": "cjyZ_DP32cJB",
          "checksum": "9379add897b3165a74feb280f44f8ce0"
        },
        {
          "type": "image",
          "assetId": "wUP6ekqODfOz",
          "checksum": "3aa7291adbe32902958993f2486afc4e"
        },
        {
          "type": "image",
          "assetId": "19cnuBcY3uab",
          "checksum": "c1c844f147f0259e8ed316d9de368534"
        },
        {
          "type": "image",
          "assetId": "NrWtwhr_pMsP",
          "checksum": "15be0dd97924549f2a1acd4523312517"
        },
        {
          "type": "image",
          "assetId": "cXCfgsiUfBzz",
          "checksum": "730347d20f6798706701df131f61becf"
        },
        {
          "type": "image",
          "assetId": "JMqpSxrN8sFY",
          "checksum": "3b0ff7460371c0a5704b8fb64bd2fbad"
        }
      ],
      "codegenVersion": "0.0.1"
    },
    {
      "projectId": "4u1ey5YPrV7Q3hoMkXvHtk",
      "version": "latest",
      "dependencies": {
        "gmeH6XgPaBtkt51HunAo4g": "18.17.0"
      },
      "lang": "ts",
      "fileLocks": [
        {
          "type": "globalVariant",
          "assetId": "ekyPXHr6Q27e",
          "checksum": "d004689ee91a6c02d9f15cc4dc58b1e9"
        },
        {
          "assetId": "4u1ey5YPrV7Q3hoMkXvHtk",
          "checksum": "83a679a4beeb8f309154f40cd936998c",
          "type": "globalContexts"
        },
        {
          "type": "renderModule",
          "assetId": "BN_1tYiZ5A-n",
          "checksum": "647e99905867dac2bdd8a4ff9ea52ca1"
        },
        {
          "type": "cssRules",
          "assetId": "BN_1tYiZ5A-n",
          "checksum": "647e99905867dac2bdd8a4ff9ea52ca1"
        },
        {
          "type": "renderModule",
          "assetId": "AfFMU6ZDU5_B",
          "checksum": "63fdb2a4191b46a519e4ac5df2de220f"
        },
        {
          "type": "cssRules",
          "assetId": "AfFMU6ZDU5_B",
          "checksum": "63fdb2a4191b46a519e4ac5df2de220f"
        },
        {
          "type": "renderModule",
          "assetId": "tXH2ehab-saV",
          "checksum": "a7e51a81baa367f457fa971efbc25f64"
        },
        {
          "type": "cssRules",
          "assetId": "tXH2ehab-saV",
          "checksum": "a7e51a81baa367f457fa971efbc25f64"
        },
        {
          "type": "renderModule",
          "assetId": "Kzy4dw-hB8F0",
          "checksum": "10604f738f39c1ee830e04a67e1046af"
        },
        {
          "type": "cssRules",
          "assetId": "Kzy4dw-hB8F0",
          "checksum": "10604f738f39c1ee830e04a67e1046af"
        },
        {
          "type": "renderModule",
          "assetId": "7JGdHZCQqRre",
          "checksum": "450478450c9e83b93f009026d6ac13ae"
        },
        {
          "type": "cssRules",
          "assetId": "7JGdHZCQqRre",
          "checksum": "450478450c9e83b93f009026d6ac13ae"
        },
        {
          "type": "renderModule",
          "assetId": "ug7mhPnaOG-x",
          "checksum": "0e13388facddb3ec4ab427db16437385"
        },
        {
          "type": "cssRules",
          "assetId": "ug7mhPnaOG-x",
          "checksum": "0e13388facddb3ec4ab427db16437385"
        },
        {
          "type": "renderModule",
          "assetId": "40VnyeqTADer",
          "checksum": "e0ac3f0204d1b2396cc0c37cb71ba255"
        },
        {
          "type": "cssRules",
          "assetId": "40VnyeqTADer",
          "checksum": "e0ac3f0204d1b2396cc0c37cb71ba255"
        },
        {
          "type": "renderModule",
          "assetId": "k0qDVdmvyHW_",
          "checksum": "7f210bcd5a057954fc54eb9217cfa92d"
        },
        {
          "type": "cssRules",
          "assetId": "k0qDVdmvyHW_",
          "checksum": "7f210bcd5a057954fc54eb9217cfa92d"
        },
        {
          "type": "renderModule",
          "assetId": "Gvk4Xr31D9gt",
          "checksum": "1c4918bd8e77c93905904ab6f3b02aae"
        },
        {
          "type": "cssRules",
          "assetId": "Gvk4Xr31D9gt",
          "checksum": "1c4918bd8e77c93905904ab6f3b02aae"
        },
        {
          "type": "renderModule",
          "assetId": "fByrK_z8GwQo",
          "checksum": "7ae1c531da7b24737e699d56ccf3cb1c"
        },
        {
          "type": "cssRules",
          "assetId": "fByrK_z8GwQo",
          "checksum": "7ae1c531da7b24737e699d56ccf3cb1c"
        },
        {
          "type": "renderModule",
          "assetId": "bSGwMT4GxGsB",
          "checksum": "058892b3808102d773457c586a810596"
        },
        {
          "type": "cssRules",
          "assetId": "bSGwMT4GxGsB",
          "checksum": "058892b3808102d773457c586a810596"
        },
        {
          "type": "renderModule",
          "assetId": "qvkZDhz8j2-k",
          "checksum": "6646bbd4846bdf179fc31e0690a89f29"
        },
        {
          "type": "cssRules",
          "assetId": "qvkZDhz8j2-k",
          "checksum": "6646bbd4846bdf179fc31e0690a89f29"
        },
        {
          "type": "renderModule",
          "assetId": "G1loBbJQJUYW",
          "checksum": "1fe4117f2eaa687c60258d4f83377a0e"
        },
        {
          "type": "cssRules",
          "assetId": "G1loBbJQJUYW",
          "checksum": "1fe4117f2eaa687c60258d4f83377a0e"
        },
        {
          "type": "renderModule",
          "assetId": "9ZosV4AvVLdc",
          "checksum": "7541237ae943a31049b8de4fe5fda81c"
        },
        {
          "type": "cssRules",
          "assetId": "9ZosV4AvVLdc",
          "checksum": "7541237ae943a31049b8de4fe5fda81c"
        },
        {
          "type": "renderModule",
          "assetId": "vl9XbccceF56",
          "checksum": "4bf4f790b7756357b5a74c6bf2f0485b"
        },
        {
          "type": "cssRules",
          "assetId": "vl9XbccceF56",
          "checksum": "4bf4f790b7756357b5a74c6bf2f0485b"
        },
        {
          "type": "renderModule",
          "assetId": "TeGVCbMPC6RJ",
          "checksum": "58bbe1260ad5534b7bd765b78fca3cd6"
        },
        {
          "type": "cssRules",
          "assetId": "TeGVCbMPC6RJ",
          "checksum": "58bbe1260ad5534b7bd765b78fca3cd6"
        },
        {
          "type": "renderModule",
          "assetId": "Xm7UR50DygxN",
          "checksum": "e2e50dee6a6bfea6a39f08db8cb29cfc"
        },
        {
          "type": "cssRules",
          "assetId": "Xm7UR50DygxN",
          "checksum": "e2e50dee6a6bfea6a39f08db8cb29cfc"
        },
        {
          "type": "renderModule",
          "assetId": "6MXgJQW6SBNi",
          "checksum": "3e7254265baeb8dbc31ee7ca5fe48f6d"
        },
        {
          "type": "cssRules",
          "assetId": "6MXgJQW6SBNi",
          "checksum": "3e7254265baeb8dbc31ee7ca5fe48f6d"
        },
        {
          "type": "renderModule",
          "assetId": "5iSrCw3WLUgl",
          "checksum": "a29273a4f5c6946cec6718a6bd469182"
        },
        {
          "type": "cssRules",
          "assetId": "5iSrCw3WLUgl",
          "checksum": "a29273a4f5c6946cec6718a6bd469182"
        },
        {
          "type": "renderModule",
          "assetId": "-1Cf8aLe4zpD",
          "checksum": "a7c8bee07127217bbbddf6b27e1fe626"
        },
        {
          "type": "cssRules",
          "assetId": "-1Cf8aLe4zpD",
          "checksum": "a7c8bee07127217bbbddf6b27e1fe626"
        },
        {
          "type": "renderModule",
          "assetId": "9jDfSVzHM2ux",
          "checksum": "0964362dd4c659168a584f04fd05dd9f"
        },
        {
          "type": "cssRules",
          "assetId": "9jDfSVzHM2ux",
          "checksum": "0964362dd4c659168a584f04fd05dd9f"
        },
        {
          "type": "renderModule",
          "assetId": "Ouv4xTb8Nfx6",
          "checksum": "a7534f580925905849dff391875d0d43"
        },
        {
          "type": "cssRules",
          "assetId": "Ouv4xTb8Nfx6",
          "checksum": "a7534f580925905849dff391875d0d43"
        },
        {
          "type": "icon",
          "assetId": "pKbUYDqc4vxj",
          "checksum": "50d37a678e21a8398942e744c7ea34bf"
        },
        {
          "type": "icon",
          "assetId": "HGI7wKM71zuC",
          "checksum": "e79677801b1e4982889995092651bc0f"
        },
        {
          "type": "icon",
          "assetId": "gZezqLa5BKgJ",
          "checksum": "9f77da65ddecde1349eb2f8fe9e1108f"
        },
        {
          "type": "icon",
          "assetId": "0k__UA3et_33",
          "checksum": "b8950e9fef16162aa47dc7f34aa7a537"
        },
        {
          "type": "icon",
          "assetId": "aiW7APThjEF7",
          "checksum": "8a0407e8641bed4a019869699afa0095"
        },
        {
          "type": "icon",
          "assetId": "gHxE-s7zn3Bm",
          "checksum": "0dab9d66012dae3ca85159e46c545c42"
        },
        {
          "type": "icon",
          "assetId": "IJqFp6_ZrehU",
          "checksum": "0f56ed909bc60a0288bee156aaae42f5"
        },
        {
          "type": "icon",
          "assetId": "J6E7mUl-8XDu",
          "checksum": "82fabcbf0f5f301d1219f2491a46d358"
        },
        {
          "type": "icon",
          "assetId": "ZXlbUgyThIRd",
          "checksum": "2d4a97b40175fc50970a568fc0d15067"
        },
        {
          "type": "icon",
          "assetId": "0dlgy1GMYPWe",
          "checksum": "e9c527ead48433fe8bb55c48475b1e9d"
        },
        {
          "type": "icon",
          "assetId": "nsZXjYzWa-go",
          "checksum": "69dfc66e61d1c489ef9509e2b1997094"
        },
        {
          "type": "icon",
          "assetId": "iSzUhwebqg7i",
          "checksum": "4d103b3440a6d9c24f9d5faec7595d37"
        },
        {
          "type": "icon",
          "assetId": "-YZVOM_eBA04",
          "checksum": "a0c167d86d4eddf2ae331c5815bf2ec0"
        },
        {
          "type": "icon",
          "assetId": "OhsFcsZOUZvT",
          "checksum": "11410638b7ace9912ad099c46b1e5ef1"
        },
        {
          "type": "icon",
          "assetId": "8EBLnrNmU_wZ",
          "checksum": "610e1a86b407bb6e25b802262d382682"
        },
        {
          "type": "icon",
          "assetId": "T2BwOD1fkh8a",
          "checksum": "f9ab37e27f4f028b4e53f827ef246d83"
        },
        {
          "type": "icon",
          "assetId": "g1qj1oFA0DQK",
          "checksum": "cdfb70a7ceaada1f066fe4d52cb8a765"
        },
        {
          "type": "icon",
          "assetId": "1L0qpypi0u9K",
          "checksum": "8c073f5689268ef64246e302f2d280e3"
        },
        {
          "type": "icon",
          "assetId": "gFgue20aD3eJ",
          "checksum": "0b3db8202fa709e7cba45b1fbda09b88"
        },
        {
          "type": "image",
          "assetId": "uVBgXwFPFHaV",
          "checksum": "badc370b10ff442c972b4cce2b8eec46"
        },
        {
          "type": "image",
          "assetId": "NSep4q16kGPd",
          "checksum": "c5ff9abd69c755b9603142e9d6ec2e22"
        },
        {
          "type": "image",
          "assetId": "jD9stX4BMxLI",
          "checksum": "051dea81c91e0375760a0632b6fc396f"
        },
        {
          "type": "image",
          "assetId": "OOuzUrqFQJ5F",
          "checksum": "47c5fefac9af2356a661ace94f69be45"
        },
        {
          "type": "image",
          "assetId": "So9yOdEpQLp9",
          "checksum": "1b233f247dd436261d7649c03e6c4ce0"
        },
        {
          "type": "image",
          "assetId": "wrL5A4EXBM3e",
          "checksum": "6f7566a32f770cb60b03692e7768241e"
        },
        {
          "type": "image",
          "assetId": "Feg0c-mDdIhP",
          "checksum": "e3191502c51b8738b4fa4712c8e50f0d"
        },
        {
          "type": "image",
          "assetId": "-4jPtc1L8ClC",
          "checksum": "bf13a9ba09eb17b69843f00a119c341a"
        },
        {
          "type": "image",
          "assetId": "TlAux6L0Xu8u",
          "checksum": "2440800ddcc2b9f04c1f63624a7bcb85"
        },
        {
          "type": "image",
          "assetId": "DqlEpPe_2zoC",
          "checksum": "20b49c0332f1ae12b174abd55283e76f"
        },
        {
          "type": "image",
          "assetId": "Jg2gIhdaz0ep",
          "checksum": "6bdc95e7e848327eae905b5f2c1d9e91"
        },
        {
          "type": "image",
          "assetId": "mB1KpALLwPax",
          "checksum": "5a687da371c3f096dc60144dad03c80f"
        },
        {
          "type": "image",
          "assetId": "__aJI3Cjju4L",
          "checksum": "34a2b2eb606524340715e5d16a3a44b9"
        },
        {
          "type": "image",
          "assetId": "u9aSt0NdYIJR",
          "checksum": "6aec279877770129b8717592384bc29e"
        },
        {
          "type": "image",
          "assetId": "wXtNjYD_T3Bc",
          "checksum": "a401378e36705f6e96e162c2510a6445"
        },
        {
          "type": "image",
          "assetId": "uUx7nWfdZeBn",
          "checksum": "69adefa601ba111fbbef66393d576e10"
        },
        {
          "type": "image",
          "assetId": "OiZVWgtaGr7z",
          "checksum": "4ddfb2aa90cd4c8e6c7c52b5f8ef62b5"
        },
        {
          "type": "image",
          "assetId": "OO0eyU_12nQJ",
          "checksum": "401df4137c9e2566a870717104d3e227"
        },
        {
          "type": "image",
          "assetId": "_Aj6dMknU8vL",
          "checksum": "553e3357c2dd35a705fa0a33ef8a1654"
        },
        {
          "type": "image",
          "assetId": "oxWSiPXILQZj",
          "checksum": "1f7cc572e3400ad328a6e9ef3fdad2ad"
        },
        {
          "assetId": "4u1ey5YPrV7Q3hoMkXvHtk",
          "type": "projectCss",
          "checksum": "180b1e3a428f8b1ec7b2a0d37b68b610"
        }
      ],
      "codegenVersion": "0.0.1"
    }
  ],
  "cliVersion": "0.1.337"
}
